// !$*UTF8*$!
{
	archiveVersion = 1;
	classes = {
	};
	objectVersion = 46;
	objects = {

/* Begin PBXBuildFile section */
		52041C011E4541A7008CD4DF /* Keyboard.swift in Sources */ = {isa = PBXBuildFile; fileRef = 52041C001E4541A7008CD4DF /* Keyboard.swift */; };
		520683A41E7C1E480062CE92 /* Settings.bundle in Resources */ = {isa = PBXBuildFile; fileRef = 520683A31E7C1E480062CE92 /* Settings.bundle */; };
		520683A91E7C243D0062CE92 /* FaveButton.swift in Sources */ = {isa = PBXBuildFile; fileRef = 520683A51E7C243D0062CE92 /* FaveButton.swift */; };
		520683AA1E7C243D0062CE92 /* FaveIcon.swift in Sources */ = {isa = PBXBuildFile; fileRef = 520683A61E7C243D0062CE92 /* FaveIcon.swift */; };
		520683AB1E7C243D0062CE92 /* Ring.swift in Sources */ = {isa = PBXBuildFile; fileRef = 520683A71E7C243D0062CE92 /* Ring.swift */; };
		520683AC1E7C243D0062CE92 /* Spark.swift in Sources */ = {isa = PBXBuildFile; fileRef = 520683A81E7C243D0062CE92 /* Spark.swift */; };
		520683B11E7C24620062CE92 /* Constraints+.swift in Sources */ = {isa = PBXBuildFile; fileRef = 520683AD1E7C24620062CE92 /* Constraints+.swift */; };
		520683B21E7C24620062CE92 /* Easing.swift in Sources */ = {isa = PBXBuildFile; fileRef = 520683AE1E7C24620062CE92 /* Easing.swift */; };
		520683B31E7C24620062CE92 /* Geometry.swift in Sources */ = {isa = PBXBuildFile; fileRef = 520683AF1E7C24620062CE92 /* Geometry.swift */; };
		520683B41E7C24620062CE92 /* Init.swift in Sources */ = {isa = PBXBuildFile; fileRef = 520683B01E7C24620062CE92 /* Init.swift */; };
		520683B61E7C24870062CE92 /* FavViewController.swift in Sources */ = {isa = PBXBuildFile; fileRef = 520683B51E7C24870062CE92 /* FavViewController.swift */; };
		520E98CA1E8582320066876B /* Beginning.storyboard in Resources */ = {isa = PBXBuildFile; fileRef = 520E98C91E8582320066876B /* Beginning.storyboard */; };
		520E98CD1E858B2A0066876B /* NotificationCenter.framework in Frameworks */ = {isa = PBXBuildFile; fileRef = 520E98CC1E858B2A0066876B /* NotificationCenter.framework */; };
		5229D2301E8032BC00A5F328 /* SettingsViewController.swift in Sources */ = {isa = PBXBuildFile; fileRef = 5229D22F1E8032BC00A5F328 /* SettingsViewController.swift */; };
		522B40F51E7C8F2C006010A4 /* TabViewController.swift in Sources */ = {isa = PBXBuildFile; fileRef = 522B40F41E7C8F2C006010A4 /* TabViewController.swift */; };
		523EAAA41E8B11700065DF18 /* MapKit.framework in Frameworks */ = {isa = PBXBuildFile; fileRef = 523EAAA31E8B11700065DF18 /* MapKit.framework */; };
		523EAAA91E8B12FA0065DF18 /* RunView.swift in Sources */ = {isa = PBXBuildFile; fileRef = 523EAAA81E8B12FA0065DF18 /* RunView.swift */; };
		523EAAB01E8B13680065DF18 /* HomeViewController.swift in Sources */ = {isa = PBXBuildFile; fileRef = 523EAAAA1E8B13680065DF18 /* HomeViewController.swift */; };
		523EAAB11E8B13680065DF18 /* RunSetupViewController.swift in Sources */ = {isa = PBXBuildFile; fileRef = 523EAAAB1E8B13680065DF18 /* RunSetupViewController.swift */; };
		523EAAB21E8B13680065DF18 /* NewRunViewController.swift in Sources */ = {isa = PBXBuildFile; fileRef = 523EAAAC1E8B13680065DF18 /* NewRunViewController.swift */; };
		523EAAB31E8B13680065DF18 /* RunDetailViewController.swift in Sources */ = {isa = PBXBuildFile; fileRef = 523EAAAD1E8B13680065DF18 /* RunDetailViewController.swift */; };
		523EAAB41E8B13680065DF18 /* MulticolorPolylineSegment.swift in Sources */ = {isa = PBXBuildFile; fileRef = 523EAAAE1E8B13680065DF18 /* MulticolorPolylineSegment.swift */; };
		523EAAF91E8B1E0E0065DF18 /* CoreLocation.framework in Frameworks */ = {isa = PBXBuildFile; fileRef = 523EAAF81E8B1E0E0065DF18 /* CoreLocation.framework */; };
		523EAB011E8B24C40065DF18 /* CoreGraphics.framework in Frameworks */ = {isa = PBXBuildFile; fileRef = 523EAB001E8B24C40065DF18 /* CoreGraphics.framework */; };
		523EAB031E8B286E0065DF18 /* Run.swift in Sources */ = {isa = PBXBuildFile; fileRef = 523EAB021E8B286E0065DF18 /* Run.swift */; };
		523EAB051E8B28980065DF18 /* Location.swift in Sources */ = {isa = PBXBuildFile; fileRef = 523EAB041E8B28980065DF18 /* Location.swift */; };
		525A09DC1E6DCFF600BC2A23 /* photoEntry.swift in Sources */ = {isa = PBXBuildFile; fileRef = 525A09DB1E6DCFF600BC2A23 /* photoEntry.swift */; };
		525EB2B61E422E0E000A8F09 /* NameEntry.swift in Sources */ = {isa = PBXBuildFile; fileRef = 525EB2B51E422E0E000A8F09 /* NameEntry.swift */; };
		525EB2B81E422E21000A8F09 /* AgeEntry.swift in Sources */ = {isa = PBXBuildFile; fileRef = 525EB2B71E422E21000A8F09 /* AgeEntry.swift */; };
		525EB2BA1E422E2D000A8F09 /* WeightEntry.swift in Sources */ = {isa = PBXBuildFile; fileRef = 525EB2B91E422E2D000A8F09 /* WeightEntry.swift */; };
		5272E99A1E6F087500F26A23 /* BeginScreen.swift in Sources */ = {isa = PBXBuildFile; fileRef = 5272E9991E6F087500F26A23 /* BeginScreen.swift */; };
		52791E851E3ABECD00E1B7E5 /* TodayInterface.storyboard in Resources */ = {isa = PBXBuildFile; fileRef = 52791E831E3ABECD00E1B7E5 /* TodayInterface.storyboard */; };
		52791E861E3ABECD00E1B7E5 /* TodayViewController.swift in Sources */ = {isa = PBXBuildFile; fileRef = 52791E841E3ABECD00E1B7E5 /* TodayViewController.swift */; };
		52791E891E3AC10E00E1B7E5 /* Header.swift in Sources */ = {isa = PBXBuildFile; fileRef = 52791E871E3AC10E00E1B7E5 /* Header.swift */; };
		52791E8A1E3AC10E00E1B7E5 /* Extensions.swift in Sources */ = {isa = PBXBuildFile; fileRef = 52791E881E3AC10E00E1B7E5 /* Extensions.swift */; };
		52791E901E3AC1D100E1B7E5 /* QuartzCore.framework in Frameworks */ = {isa = PBXBuildFile; fileRef = 52791E8F1E3AC1D100E1B7E5 /* QuartzCore.framework */; };
		52AECE991E79E9E4006978A9 /* ProfileView.swift in Sources */ = {isa = PBXBuildFile; fileRef = 52AECE981E79E9E4006978A9 /* ProfileView.swift */; };
		52B09EA81E80180800F162E8 /* HealthKit.framework in Frameworks */ = {isa = PBXBuildFile; fileRef = 52B09EA71E80180800F162E8 /* HealthKit.framework */; };
		52CABFFF1E38F29700E0302F /* AppDelegate.swift in Sources */ = {isa = PBXBuildFile; fileRef = 52CABFFE1E38F29700E0302F /* AppDelegate.swift */; };
		52CAC0011E38F29700E0302F /* ViewController.swift in Sources */ = {isa = PBXBuildFile; fileRef = 52CAC0001E38F29700E0302F /* ViewController.swift */; };
		52CAC0041E38F29700E0302F /* Main.storyboard in Resources */ = {isa = PBXBuildFile; fileRef = 52CAC0021E38F29700E0302F /* Main.storyboard */; };
		52CAC0061E38F29700E0302F /* Assets.xcassets in Resources */ = {isa = PBXBuildFile; fileRef = 52CAC0051E38F29700E0302F /* Assets.xcassets */; };
		52CAC0091E38F29700E0302F /* LaunchScreen.storyboard in Resources */ = {isa = PBXBuildFile; fileRef = 52CAC0071E38F29700E0302F /* LaunchScreen.storyboard */; };
		52CAC0141E38F29700E0302F /* Got_HealthyTests.swift in Sources */ = {isa = PBXBuildFile; fileRef = 52CAC0131E38F29700E0302F /* Got_HealthyTests.swift */; };
		52CAC01F1E38F29700E0302F /* Got_HealthyUITests.swift in Sources */ = {isa = PBXBuildFile; fileRef = 52CAC01E1E38F29700E0302F /* Got_HealthyUITests.swift */; };
		52CDF75D1E80417C0031FFE2 /* ActivityView.swift in Sources */ = {isa = PBXBuildFile; fileRef = 52CDF75C1E80417C0031FFE2 /* ActivityView.swift */; };
		52D2F5721E8B098D007DAEAD /* GotHealthy.xcdatamodeld in Sources */ = {isa = PBXBuildFile; fileRef = 52D2F5701E8B098D007DAEAD /* GotHealthy.xcdatamodeld */; };
		52D79C831E4B812A007B4E58 /* Gender.swift in Sources */ = {isa = PBXBuildFile; fileRef = 52D79C821E4B812A007B4E58 /* Gender.swift */; };
		52F48BB31E4E3F9300E8ACCA /* FloatingTextField.swift in Sources */ = {isa = PBXBuildFile; fileRef = 52F48BB01E4E3F9300E8ACCA /* FloatingTextField.swift */; };
		52F48BB41E4E3F9300E8ACCA /* FloatingTextFieldIcon.swift in Sources */ = {isa = PBXBuildFile; fileRef = 52F48BB11E4E3F9300E8ACCA /* FloatingTextFieldIcon.swift */; };
		52F48BB51E4E3F9300E8ACCA /* UIPosition.swift in Sources */ = {isa = PBXBuildFile; fileRef = 52F48BB21E4E3F9300E8ACCA /* UIPosition.swift */; };
		52F8A1951E68714600EF567A /* FirstViewController.swift in Sources */ = {isa = PBXBuildFile; fileRef = 52F8A1931E68714600EF567A /* FirstViewController.swift */; };
		52F8A1961E68714600EF567A /* SecondViewController.swift in Sources */ = {isa = PBXBuildFile; fileRef = 52F8A1941E68714600EF567A /* SecondViewController.swift */; };
/* End PBXBuildFile section */

/* Begin PBXContainerItemProxy section */
		52CAC0101E38F29700E0302F /* PBXContainerItemProxy */ = {
			isa = PBXContainerItemProxy;
			containerPortal = 52CABFF31E38F29700E0302F /* Project object */;
			proxyType = 1;
			remoteGlobalIDString = 52CABFFA1E38F29700E0302F;
			remoteInfo = "Got Healthy";
		};
		52CAC01B1E38F29700E0302F /* PBXContainerItemProxy */ = {
			isa = PBXContainerItemProxy;
			containerPortal = 52CABFF31E38F29700E0302F /* Project object */;
			proxyType = 1;
			remoteGlobalIDString = 52CABFFA1E38F29700E0302F;
			remoteInfo = "Got Healthy";
		};
/* End PBXContainerItemProxy section */

/* Begin PBXFileReference section */
		52041C001E4541A7008CD4DF /* Keyboard.swift */ = {isa = PBXFileReference; fileEncoding = 4; lastKnownFileType = sourcecode.swift; path = Keyboard.swift; sourceTree = "<group>"; };
		520683A31E7C1E480062CE92 /* Settings.bundle */ = {isa = PBXFileReference; lastKnownFileType = "wrapper.plug-in"; path = Settings.bundle; sourceTree = "<group>"; };
		520683A51E7C243D0062CE92 /* FaveButton.swift */ = {isa = PBXFileReference; fileEncoding = 4; lastKnownFileType = sourcecode.swift; path = FaveButton.swift; sourceTree = "<group>"; };
		520683A61E7C243D0062CE92 /* FaveIcon.swift */ = {isa = PBXFileReference; fileEncoding = 4; lastKnownFileType = sourcecode.swift; path = FaveIcon.swift; sourceTree = "<group>"; };
		520683A71E7C243D0062CE92 /* Ring.swift */ = {isa = PBXFileReference; fileEncoding = 4; lastKnownFileType = sourcecode.swift; path = Ring.swift; sourceTree = "<group>"; };
		520683A81E7C243D0062CE92 /* Spark.swift */ = {isa = PBXFileReference; fileEncoding = 4; lastKnownFileType = sourcecode.swift; path = Spark.swift; sourceTree = "<group>"; };
		520683AD1E7C24620062CE92 /* Constraints+.swift */ = {isa = PBXFileReference; fileEncoding = 4; lastKnownFileType = sourcecode.swift; path = "Constraints+.swift"; sourceTree = "<group>"; };
		520683AE1E7C24620062CE92 /* Easing.swift */ = {isa = PBXFileReference; fileEncoding = 4; lastKnownFileType = sourcecode.swift; path = Easing.swift; sourceTree = "<group>"; };
		520683AF1E7C24620062CE92 /* Geometry.swift */ = {isa = PBXFileReference; fileEncoding = 4; lastKnownFileType = sourcecode.swift; path = Geometry.swift; sourceTree = "<group>"; };
		520683B01E7C24620062CE92 /* Init.swift */ = {isa = PBXFileReference; fileEncoding = 4; lastKnownFileType = sourcecode.swift; path = Init.swift; sourceTree = "<group>"; };
		520683B51E7C24870062CE92 /* FavViewController.swift */ = {isa = PBXFileReference; fileEncoding = 4; lastKnownFileType = sourcecode.swift; path = FavViewController.swift; sourceTree = "<group>"; };
		520683B71E7C250B0062CE92 /* FaveButton.h */ = {isa = PBXFileReference; lastKnownFileType = sourcecode.c.h; name = FaveButton.h; path = "Got Healthy/FaveButton.h"; sourceTree = "<group>"; };
		520E98C91E8582320066876B /* Beginning.storyboard */ = {isa = PBXFileReference; fileEncoding = 4; lastKnownFileType = file.storyboard; path = Beginning.storyboard; sourceTree = "<group>"; };
		520E98CC1E858B2A0066876B /* NotificationCenter.framework */ = {isa = PBXFileReference; lastKnownFileType = wrapper.framework; name = NotificationCenter.framework; path = System/Library/Frameworks/NotificationCenter.framework; sourceTree = SDKROOT; };
		5229D22F1E8032BC00A5F328 /* SettingsViewController.swift */ = {isa = PBXFileReference; fileEncoding = 4; lastKnownFileType = sourcecode.swift; path = SettingsViewController.swift; sourceTree = "<group>"; };
		522B40F41E7C8F2C006010A4 /* TabViewController.swift */ = {isa = PBXFileReference; fileEncoding = 4; lastKnownFileType = sourcecode.swift; path = TabViewController.swift; sourceTree = "<group>"; };
		523EAAA31E8B11700065DF18 /* MapKit.framework */ = {isa = PBXFileReference; lastKnownFileType = wrapper.framework; name = MapKit.framework; path = System/Library/Frameworks/MapKit.framework; sourceTree = SDKROOT; };
		523EAAA81E8B12FA0065DF18 /* RunView.swift */ = {isa = PBXFileReference; fileEncoding = 4; lastKnownFileType = sourcecode.swift; path = RunView.swift; sourceTree = "<group>"; };
		523EAAAA1E8B13680065DF18 /* HomeViewController.swift */ = {isa = PBXFileReference; fileEncoding = 4; lastKnownFileType = sourcecode.swift; path = HomeViewController.swift; sourceTree = "<group>"; };
		523EAAAB1E8B13680065DF18 /* RunSetupViewController.swift */ = {isa = PBXFileReference; fileEncoding = 4; lastKnownFileType = sourcecode.swift; path = RunSetupViewController.swift; sourceTree = "<group>"; };
		523EAAAC1E8B13680065DF18 /* NewRunViewController.swift */ = {isa = PBXFileReference; fileEncoding = 4; lastKnownFileType = sourcecode.swift; path = NewRunViewController.swift; sourceTree = "<group>"; };
		523EAAAD1E8B13680065DF18 /* RunDetailViewController.swift */ = {isa = PBXFileReference; fileEncoding = 4; lastKnownFileType = sourcecode.swift; path = RunDetailViewController.swift; sourceTree = "<group>"; };
		523EAAAE1E8B13680065DF18 /* MulticolorPolylineSegment.swift */ = {isa = PBXFileReference; fileEncoding = 4; lastKnownFileType = sourcecode.swift; path = MulticolorPolylineSegment.swift; sourceTree = "<group>"; };
		523EAAF81E8B1E0E0065DF18 /* CoreLocation.framework */ = {isa = PBXFileReference; lastKnownFileType = wrapper.framework; name = CoreLocation.framework; path = System/Library/Frameworks/CoreLocation.framework; sourceTree = SDKROOT; };
		523EAB001E8B24C40065DF18 /* CoreGraphics.framework */ = {isa = PBXFileReference; lastKnownFileType = wrapper.framework; name = CoreGraphics.framework; path = System/Library/Frameworks/CoreGraphics.framework; sourceTree = SDKROOT; };
		523EAB021E8B286E0065DF18 /* Run.swift */ = {isa = PBXFileReference; fileEncoding = 4; lastKnownFileType = sourcecode.swift; path = Run.swift; sourceTree = "<group>"; };
		523EAB041E8B28980065DF18 /* Location.swift */ = {isa = PBXFileReference; fileEncoding = 4; lastKnownFileType = sourcecode.swift; path = Location.swift; sourceTree = "<group>"; };
		525A09DB1E6DCFF600BC2A23 /* photoEntry.swift */ = {isa = PBXFileReference; fileEncoding = 4; lastKnownFileType = sourcecode.swift; path = photoEntry.swift; sourceTree = "<group>"; };
		525EB2B51E422E0E000A8F09 /* NameEntry.swift */ = {isa = PBXFileReference; fileEncoding = 4; lastKnownFileType = sourcecode.swift; path = NameEntry.swift; sourceTree = "<group>"; };
		525EB2B71E422E21000A8F09 /* AgeEntry.swift */ = {isa = PBXFileReference; fileEncoding = 4; lastKnownFileType = sourcecode.swift; path = AgeEntry.swift; sourceTree = "<group>"; };
		525EB2B91E422E2D000A8F09 /* WeightEntry.swift */ = {isa = PBXFileReference; fileEncoding = 4; lastKnownFileType = sourcecode.swift; path = WeightEntry.swift; sourceTree = "<group>"; };
		5272E9991E6F087500F26A23 /* BeginScreen.swift */ = {isa = PBXFileReference; fileEncoding = 4; lastKnownFileType = sourcecode.swift; path = BeginScreen.swift; sourceTree = "<group>"; };
		52791E831E3ABECD00E1B7E5 /* TodayInterface.storyboard */ = {isa = PBXFileReference; fileEncoding = 4; lastKnownFileType = file.storyboard; path = TodayInterface.storyboard; sourceTree = "<group>"; };
		52791E841E3ABECD00E1B7E5 /* TodayViewController.swift */ = {isa = PBXFileReference; fileEncoding = 4; lastKnownFileType = sourcecode.swift; path = TodayViewController.swift; sourceTree = "<group>"; };
		52791E871E3AC10E00E1B7E5 /* Header.swift */ = {isa = PBXFileReference; fileEncoding = 4; lastKnownFileType = sourcecode.swift; path = Header.swift; sourceTree = "<group>"; };
		52791E881E3AC10E00E1B7E5 /* Extensions.swift */ = {isa = PBXFileReference; fileEncoding = 4; lastKnownFileType = sourcecode.swift; path = Extensions.swift; sourceTree = "<group>"; };
		52791E8F1E3AC1D100E1B7E5 /* QuartzCore.framework */ = {isa = PBXFileReference; lastKnownFileType = wrapper.framework; name = QuartzCore.framework; path = System/Library/Frameworks/QuartzCore.framework; sourceTree = SDKROOT; };
		52AECE981E79E9E4006978A9 /* ProfileView.swift */ = {isa = PBXFileReference; fileEncoding = 4; lastKnownFileType = sourcecode.swift; path = ProfileView.swift; sourceTree = "<group>"; };
		52B09EA51E80180700F162E8 /* Got Healthy.entitlements */ = {isa = PBXFileReference; lastKnownFileType = text.plist.entitlements; path = "Got Healthy.entitlements"; sourceTree = "<group>"; };
		52B09EA71E80180800F162E8 /* HealthKit.framework */ = {isa = PBXFileReference; lastKnownFileType = wrapper.framework; name = HealthKit.framework; path = System/Library/Frameworks/HealthKit.framework; sourceTree = SDKROOT; };
		52CABFFB1E38F29700E0302F /* Got Healthy.app */ = {isa = PBXFileReference; explicitFileType = wrapper.application; includeInIndex = 0; path = "Got Healthy.app"; sourceTree = BUILT_PRODUCTS_DIR; };
		52CABFFE1E38F29700E0302F /* AppDelegate.swift */ = {isa = PBXFileReference; lastKnownFileType = sourcecode.swift; path = AppDelegate.swift; sourceTree = "<group>"; };
		52CAC0001E38F29700E0302F /* ViewController.swift */ = {isa = PBXFileReference; lastKnownFileType = sourcecode.swift; path = ViewController.swift; sourceTree = "<group>"; };
		52CAC0031E38F29700E0302F /* Base */ = {isa = PBXFileReference; lastKnownFileType = file.storyboard; name = Base; path = Base.lproj/Main.storyboard; sourceTree = "<group>"; };
		52CAC0051E38F29700E0302F /* Assets.xcassets */ = {isa = PBXFileReference; lastKnownFileType = folder.assetcatalog; path = Assets.xcassets; sourceTree = "<group>"; };
		52CAC0081E38F29700E0302F /* Base */ = {isa = PBXFileReference; lastKnownFileType = file.storyboard; name = Base; path = Base.lproj/LaunchScreen.storyboard; sourceTree = "<group>"; };
		52CAC00A1E38F29700E0302F /* Info.plist */ = {isa = PBXFileReference; lastKnownFileType = text.plist.xml; path = Info.plist; sourceTree = "<group>"; };
		52CAC00F1E38F29700E0302F /* Got HealthyTests.xctest */ = {isa = PBXFileReference; explicitFileType = wrapper.cfbundle; includeInIndex = 0; path = "Got HealthyTests.xctest"; sourceTree = BUILT_PRODUCTS_DIR; };
		52CAC0131E38F29700E0302F /* Got_HealthyTests.swift */ = {isa = PBXFileReference; lastKnownFileType = sourcecode.swift; path = Got_HealthyTests.swift; sourceTree = "<group>"; };
		52CAC0151E38F29700E0302F /* Info.plist */ = {isa = PBXFileReference; lastKnownFileType = text.plist.xml; path = Info.plist; sourceTree = "<group>"; };
		52CAC01A1E38F29700E0302F /* Got HealthyUITests.xctest */ = {isa = PBXFileReference; explicitFileType = wrapper.cfbundle; includeInIndex = 0; path = "Got HealthyUITests.xctest"; sourceTree = BUILT_PRODUCTS_DIR; };
		52CAC01E1E38F29700E0302F /* Got_HealthyUITests.swift */ = {isa = PBXFileReference; lastKnownFileType = sourcecode.swift; path = Got_HealthyUITests.swift; sourceTree = "<group>"; };
		52CAC0201E38F29700E0302F /* Info.plist */ = {isa = PBXFileReference; lastKnownFileType = text.plist.xml; path = Info.plist; sourceTree = "<group>"; };
		52CDF75C1E80417C0031FFE2 /* ActivityView.swift */ = {isa = PBXFileReference; fileEncoding = 4; lastKnownFileType = sourcecode.swift; path = ActivityView.swift; sourceTree = "<group>"; };
		52D2F5711E8B098D007DAEAD /* GotHealthy.xcdatamodel */ = {isa = PBXFileReference; lastKnownFileType = wrapper.xcdatamodel; path = GotHealthy.xcdatamodel; sourceTree = "<group>"; };
		52D79C821E4B812A007B4E58 /* Gender.swift */ = {isa = PBXFileReference; fileEncoding = 4; lastKnownFileType = sourcecode.swift; path = Gender.swift; sourceTree = "<group>"; };
		52F48BB01E4E3F9300E8ACCA /* FloatingTextField.swift */ = {isa = PBXFileReference; fileEncoding = 4; lastKnownFileType = sourcecode.swift; path = FloatingTextField.swift; sourceTree = "<group>"; };
		52F48BB11E4E3F9300E8ACCA /* FloatingTextFieldIcon.swift */ = {isa = PBXFileReference; fileEncoding = 4; lastKnownFileType = sourcecode.swift; path = FloatingTextFieldIcon.swift; sourceTree = "<group>"; };
		52F48BB21E4E3F9300E8ACCA /* UIPosition.swift */ = {isa = PBXFileReference; fileEncoding = 4; lastKnownFileType = sourcecode.swift; path = UIPosition.swift; sourceTree = "<group>"; };
		52F8A1931E68714600EF567A /* FirstViewController.swift */ = {isa = PBXFileReference; fileEncoding = 4; lastKnownFileType = sourcecode.swift; path = FirstViewController.swift; sourceTree = "<group>"; };
		52F8A1941E68714600EF567A /* SecondViewController.swift */ = {isa = PBXFileReference; fileEncoding = 4; lastKnownFileType = sourcecode.swift; path = SecondViewController.swift; sourceTree = "<group>"; };
/* End PBXFileReference section */

/* Begin PBXFrameworksBuildPhase section */
		52CABFF81E38F29700E0302F /* Frameworks */ = {
			isa = PBXFrameworksBuildPhase;
			buildActionMask = 2147483647;
			files = (
				523EAB011E8B24C40065DF18 /* CoreGraphics.framework in Frameworks */,
				523EAAF91E8B1E0E0065DF18 /* CoreLocation.framework in Frameworks */,
				523EAAA41E8B11700065DF18 /* MapKit.framework in Frameworks */,
				520E98CD1E858B2A0066876B /* NotificationCenter.framework in Frameworks */,
				52791E901E3AC1D100E1B7E5 /* QuartzCore.framework in Frameworks */,
				52B09EA81E80180800F162E8 /* HealthKit.framework in Frameworks */,
			);
			runOnlyForDeploymentPostprocessing = 0;
		};
		52CAC00C1E38F29700E0302F /* Frameworks */ = {
			isa = PBXFrameworksBuildPhase;
			buildActionMask = 2147483647;
			files = (
			);
			runOnlyForDeploymentPostprocessing = 0;
		};
		52CAC0171E38F29700E0302F /* Frameworks */ = {
			isa = PBXFrameworksBuildPhase;
			buildActionMask = 2147483647;
			files = (
			);
			runOnlyForDeploymentPostprocessing = 0;
		};
/* End PBXFrameworksBuildPhase section */

/* Begin PBXGroup section */
		520683B81E7C25400062CE92 /* TabBarEffect */ = {
			isa = PBXGroup;
			children = (
			);
			name = TabBarEffect;
			path = "Got Healthy";
			sourceTree = "<group>";
		};
		520E98CB1E85823A0066876B /* Storyboard */ = {
			isa = PBXGroup;
			children = (
				52CAC0021E38F29700E0302F /* Main.storyboard */,
				520E98C91E8582320066876B /* Beginning.storyboard */,
				52CAC0071E38F29700E0302F /* LaunchScreen.storyboard */,
				52791E831E3ABECD00E1B7E5 /* TodayInterface.storyboard */,
			);
			name = Storyboard;
			sourceTree = "<group>";
		};
		523BD8141E8BF61C00FE3257 /* Nutrition */ = {
			isa = PBXGroup;
			children = (
				52F8A1931E68714600EF567A /* FirstViewController.swift */,
				52F8A1941E68714600EF567A /* SecondViewController.swift */,
			);
			name = Nutrition;
			sourceTree = "<group>";
		};
		523BD8151E8BF64400FE3257 /* TabBar */ = {
			isa = PBXGroup;
			children = (
				522B40F41E7C8F2C006010A4 /* TabViewController.swift */,
				520683A51E7C243D0062CE92 /* FaveButton.swift */,
				520683A61E7C243D0062CE92 /* FaveIcon.swift */,
				520683A71E7C243D0062CE92 /* Ring.swift */,
				520683A81E7C243D0062CE92 /* Spark.swift */,
				520683B51E7C24870062CE92 /* FavViewController.swift */,
				520683AD1E7C24620062CE92 /* Constraints+.swift */,
				520683AE1E7C24620062CE92 /* Easing.swift */,
				520683AF1E7C24620062CE92 /* Geometry.swift */,
				520683B01E7C24620062CE92 /* Init.swift */,
			);
			name = TabBar;
			sourceTree = "<group>";
		};
		523BD8161E8BF67600FE3257 /* FloatTextField */ = {
			isa = PBXGroup;
			children = (
				52F48BB01E4E3F9300E8ACCA /* FloatingTextField.swift */,
				52F48BB11E4E3F9300E8ACCA /* FloatingTextFieldIcon.swift */,
				52F48BB21E4E3F9300E8ACCA /* UIPosition.swift */,
			);
			name = FloatTextField;
			sourceTree = "<group>";
		};
		523EAAA71E8B12EC0065DF18 /* Exercise */ = {
			isa = PBXGroup;
			children = (
				52791E871E3AC10E00E1B7E5 /* Header.swift */,
				52791E881E3AC10E00E1B7E5 /* Extensions.swift */,
				523EAAA81E8B12FA0065DF18 /* RunView.swift */,
				523EAB021E8B286E0065DF18 /* Run.swift */,
				523EAB041E8B28980065DF18 /* Location.swift */,
				523EAAAA1E8B13680065DF18 /* HomeViewController.swift */,
				523EAAAB1E8B13680065DF18 /* RunSetupViewController.swift */,
				523EAAAC1E8B13680065DF18 /* NewRunViewController.swift */,
				523EAAAD1E8B13680065DF18 /* RunDetailViewController.swift */,
				523EAAAE1E8B13680065DF18 /* MulticolorPolylineSegment.swift */,
			);
			name = Exercise;
			sourceTree = "<group>";
		};
		52B09EA61E80180700F162E8 /* Frameworks */ = {
			isa = PBXGroup;
			children = (
				523EAB001E8B24C40065DF18 /* CoreGraphics.framework */,
				523EAAF81E8B1E0E0065DF18 /* CoreLocation.framework */,
				523EAAA31E8B11700065DF18 /* MapKit.framework */,
				52791E8F1E3AC1D100E1B7E5 /* QuartzCore.framework */,
				520E98CC1E858B2A0066876B /* NotificationCenter.framework */,
				52B09EA71E80180800F162E8 /* HealthKit.framework */,
			);
			name = Frameworks;
			sourceTree = "<group>";
		};
		52CABFF21E38F29700E0302F = {
			isa = PBXGroup;
			children = (
				52CABFFD1E38F29700E0302F /* Got Healthy */,
				520683B81E7C25400062CE92 /* TabBarEffect */,
				520683B71E7C250B0062CE92 /* FaveButton.h */,
				52CAC0121E38F29700E0302F /* Got HealthyTests */,
				52CAC01D1E38F29700E0302F /* Got HealthyUITests */,
				52CABFFC1E38F29700E0302F /* Products */,
				52B09EA61E80180700F162E8 /* Frameworks */,
			);
			sourceTree = "<group>";
		};
		52CABFFC1E38F29700E0302F /* Products */ = {
			isa = PBXGroup;
			children = (
				52CABFFB1E38F29700E0302F /* Got Healthy.app */,
				52CAC00F1E38F29700E0302F /* Got HealthyTests.xctest */,
				52CAC01A1E38F29700E0302F /* Got HealthyUITests.xctest */,
			);
			name = Products;
			sourceTree = "<group>";
		};
		52CABFFD1E38F29700E0302F /* Got Healthy */ = {
			isa = PBXGroup;
			children = (
				52B09EA51E80180700F162E8 /* Got Healthy.entitlements */,
				52CABFFE1E38F29700E0302F /* AppDelegate.swift */,
				52CAC0001E38F29700E0302F /* ViewController.swift */,
				52AECE981E79E9E4006978A9 /* ProfileView.swift */,
				523EAAA71E8B12EC0065DF18 /* Exercise */,
				523BD8141E8BF61C00FE3257 /* Nutrition */,
				520E98CB1E85823A0066876B /* Storyboard */,
				523BD8151E8BF64400FE3257 /* TabBar */,
				523BD8161E8BF67600FE3257 /* FloatTextField */,
				5272E9991E6F087500F26A23 /* BeginScreen.swift */,
				52041C001E4541A7008CD4DF /* Keyboard.swift */,
				525EB2B51E422E0E000A8F09 /* NameEntry.swift */,
				525EB2B71E422E21000A8F09 /* AgeEntry.swift */,
				52D79C821E4B812A007B4E58 /* Gender.swift */,
				525EB2B91E422E2D000A8F09 /* WeightEntry.swift */,
				525A09DB1E6DCFF600BC2A23 /* photoEntry.swift */,
				52CDF75C1E80417C0031FFE2 /* ActivityView.swift */,
				5229D22F1E8032BC00A5F328 /* SettingsViewController.swift */,
				52CAC0051E38F29700E0302F /* Assets.xcassets */,
				52791E841E3ABECD00E1B7E5 /* TodayViewController.swift */,
				52D2F5701E8B098D007DAEAD /* GotHealthy.xcdatamodeld */,
				520683A31E7C1E480062CE92 /* Settings.bundle */,
				52CAC00A1E38F29700E0302F /* Info.plist */,
			);
			path = "Got Healthy";
			sourceTree = "<group>";
		};
		52CAC0121E38F29700E0302F /* Got HealthyTests */ = {
			isa = PBXGroup;
			children = (
				52CAC0131E38F29700E0302F /* Got_HealthyTests.swift */,
				52CAC0151E38F29700E0302F /* Info.plist */,
			);
			path = "Got HealthyTests";
			sourceTree = "<group>";
		};
		52CAC01D1E38F29700E0302F /* Got HealthyUITests */ = {
			isa = PBXGroup;
			children = (
				52CAC01E1E38F29700E0302F /* Got_HealthyUITests.swift */,
				52CAC0201E38F29700E0302F /* Info.plist */,
			);
			path = "Got HealthyUITests";
			sourceTree = "<group>";
		};
/* End PBXGroup section */

/* Begin PBXNativeTarget section */
		52CABFFA1E38F29700E0302F /* Got Healthy */ = {
			isa = PBXNativeTarget;
			buildConfigurationList = 52CAC0231E38F29700E0302F /* Build configuration list for PBXNativeTarget "Got Healthy" */;
			buildPhases = (
				52CABFF71E38F29700E0302F /* Sources */,
				52CABFF81E38F29700E0302F /* Frameworks */,
				52CABFF91E38F29700E0302F /* Resources */,
			);
			buildRules = (
			);
			dependencies = (
			);
			name = "Got Healthy";
			productName = "Got Healthy";
			productReference = 52CABFFB1E38F29700E0302F /* Got Healthy.app */;
			productType = "com.apple.product-type.application";
		};
		52CAC00E1E38F29700E0302F /* Got HealthyTests */ = {
			isa = PBXNativeTarget;
			buildConfigurationList = 52CAC0261E38F29700E0302F /* Build configuration list for PBXNativeTarget "Got HealthyTests" */;
			buildPhases = (
				52CAC00B1E38F29700E0302F /* Sources */,
				52CAC00C1E38F29700E0302F /* Frameworks */,
				52CAC00D1E38F29700E0302F /* Resources */,
			);
			buildRules = (
			);
			dependencies = (
				52CAC0111E38F29700E0302F /* PBXTargetDependency */,
			);
			name = "Got HealthyTests";
			productName = "Got HealthyTests";
			productReference = 52CAC00F1E38F29700E0302F /* Got HealthyTests.xctest */;
			productType = "com.apple.product-type.bundle.unit-test";
		};
		52CAC0191E38F29700E0302F /* Got HealthyUITests */ = {
			isa = PBXNativeTarget;
			buildConfigurationList = 52CAC0291E38F29700E0302F /* Build configuration list for PBXNativeTarget "Got HealthyUITests" */;
			buildPhases = (
				52CAC0161E38F29700E0302F /* Sources */,
				52CAC0171E38F29700E0302F /* Frameworks */,
				52CAC0181E38F29700E0302F /* Resources */,
			);
			buildRules = (
			);
			dependencies = (
				52CAC01C1E38F29700E0302F /* PBXTargetDependency */,
			);
			name = "Got HealthyUITests";
			productName = "Got HealthyUITests";
			productReference = 52CAC01A1E38F29700E0302F /* Got HealthyUITests.xctest */;
			productType = "com.apple.product-type.bundle.ui-testing";
		};
/* End PBXNativeTarget section */

/* Begin PBXProject section */
		52CABFF31E38F29700E0302F /* Project object */ = {
			isa = PBXProject;
			attributes = {
				LastSwiftUpdateCheck = 0820;
				LastUpgradeCheck = 0820;
				ORGANIZATIONNAME = Volt;
				TargetAttributes = {
					52CABFFA1E38F29700E0302F = {
						CreatedOnToolsVersion = 8.2.1;
						DevelopmentTeam = 93234J3H2M;
						ProvisioningStyle = Automatic;
						SystemCapabilities = {
							com.apple.HealthKit = {
								enabled = 1;
							};
						};
					};
					52CAC00E1E38F29700E0302F = {
						CreatedOnToolsVersion = 8.2.1;
						DevelopmentTeam = 93234J3H2M;
						ProvisioningStyle = Automatic;
						TestTargetID = 52CABFFA1E38F29700E0302F;
					};
					52CAC0191E38F29700E0302F = {
						CreatedOnToolsVersion = 8.2.1;
						DevelopmentTeam = 93234J3H2M;
						ProvisioningStyle = Automatic;
						TestTargetID = 52CABFFA1E38F29700E0302F;
					};
				};
			};
			buildConfigurationList = 52CABFF61E38F29700E0302F /* Build configuration list for PBXProject "Got Healthy" */;
			compatibilityVersion = "Xcode 3.2";
			developmentRegion = English;
			hasScannedForEncodings = 0;
			knownRegions = (
				en,
				Base,
			);
			mainGroup = 52CABFF21E38F29700E0302F;
			productRefGroup = 52CABFFC1E38F29700E0302F /* Products */;
			projectDirPath = "";
			projectRoot = "";
			targets = (
				52CABFFA1E38F29700E0302F /* Got Healthy */,
				52CAC00E1E38F29700E0302F /* Got HealthyTests */,
				52CAC0191E38F29700E0302F /* Got HealthyUITests */,
			);
		};
/* End PBXProject section */

/* Begin PBXResourcesBuildPhase section */
		52CABFF91E38F29700E0302F /* Resources */ = {
			isa = PBXResourcesBuildPhase;
			buildActionMask = 2147483647;
			files = (
				520E98CA1E8582320066876B /* Beginning.storyboard in Resources */,
				52CAC0091E38F29700E0302F /* LaunchScreen.storyboard in Resources */,
				52CAC0061E38F29700E0302F /* Assets.xcassets in Resources */,
				520683A41E7C1E480062CE92 /* Settings.bundle in Resources */,
				52791E851E3ABECD00E1B7E5 /* TodayInterface.storyboard in Resources */,
				52CAC0041E38F29700E0302F /* Main.storyboard in Resources */,
			);
			runOnlyForDeploymentPostprocessing = 0;
		};
		52CAC00D1E38F29700E0302F /* Resources */ = {
			isa = PBXResourcesBuildPhase;
			buildActionMask = 2147483647;
			files = (
			);
			runOnlyForDeploymentPostprocessing = 0;
		};
		52CAC0181E38F29700E0302F /* Resources */ = {
			isa = PBXResourcesBuildPhase;
			buildActionMask = 2147483647;
			files = (
			);
			runOnlyForDeploymentPostprocessing = 0;
		};
/* End PBXResourcesBuildPhase section */

/* Begin PBXSourcesBuildPhase section */
		52CABFF71E38F29700E0302F /* Sources */ = {
			isa = PBXSourcesBuildPhase;
			buildActionMask = 2147483647;
			files = (
				525EB2B81E422E21000A8F09 /* AgeEntry.swift in Sources */,
				52F8A1961E68714600EF567A /* SecondViewController.swift in Sources */,
				523EAB051E8B28980065DF18 /* Location.swift in Sources */,
				523EAAB01E8B13680065DF18 /* HomeViewController.swift in Sources */,
				52791E8A1E3AC10E00E1B7E5 /* Extensions.swift in Sources */,
				52041C011E4541A7008CD4DF /* Keyboard.swift in Sources */,
				525EB2B61E422E0E000A8F09 /* NameEntry.swift in Sources */,
				523EAAB21E8B13680065DF18 /* NewRunViewController.swift in Sources */,
				52F48BB51E4E3F9300E8ACCA /* UIPosition.swift in Sources */,
				520683B31E7C24620062CE92 /* Geometry.swift in Sources */,
				523EAAA91E8B12FA0065DF18 /* RunView.swift in Sources */,
				520683A91E7C243D0062CE92 /* FaveButton.swift in Sources */,
				520683B41E7C24620062CE92 /* Init.swift in Sources */,
				523EAAB11E8B13680065DF18 /* RunSetupViewController.swift in Sources */,
				52D79C831E4B812A007B4E58 /* Gender.swift in Sources */,
				5272E99A1E6F087500F26A23 /* BeginScreen.swift in Sources */,
				523EAAB31E8B13680065DF18 /* RunDetailViewController.swift in Sources */,
				525EB2BA1E422E2D000A8F09 /* WeightEntry.swift in Sources */,
				520683AA1E7C243D0062CE92 /* FaveIcon.swift in Sources */,
				520683B11E7C24620062CE92 /* Constraints+.swift in Sources */,
				520683AB1E7C243D0062CE92 /* Ring.swift in Sources */,
				52791E891E3AC10E00E1B7E5 /* Header.swift in Sources */,
				522B40F51E7C8F2C006010A4 /* TabViewController.swift in Sources */,
				52D2F5721E8B098D007DAEAD /* GotHealthy.xcdatamodeld in Sources */,
				520683AC1E7C243D0062CE92 /* Spark.swift in Sources */,
				5229D2301E8032BC00A5F328 /* SettingsViewController.swift in Sources */,
				52CDF75D1E80417C0031FFE2 /* ActivityView.swift in Sources */,
				52AECE991E79E9E4006978A9 /* ProfileView.swift in Sources */,
				523EAB031E8B286E0065DF18 /* Run.swift in Sources */,
				52CAC0011E38F29700E0302F /* ViewController.swift in Sources */,
				52F8A1951E68714600EF567A /* FirstViewController.swift in Sources */,
				525A09DC1E6DCFF600BC2A23 /* photoEntry.swift in Sources */,
				523EAAB41E8B13680065DF18 /* MulticolorPolylineSegment.swift in Sources */,
				52CABFFF1E38F29700E0302F /* AppDelegate.swift in Sources */,
				520683B61E7C24870062CE92 /* FavViewController.swift in Sources */,
				520683B21E7C24620062CE92 /* Easing.swift in Sources */,
				52791E861E3ABECD00E1B7E5 /* TodayViewController.swift in Sources */,
				52F48BB41E4E3F9300E8ACCA /* FloatingTextFieldIcon.swift in Sources */,
				52F48BB31E4E3F9300E8ACCA /* FloatingTextField.swift in Sources */,
			);
			runOnlyForDeploymentPostprocessing = 0;
		};
		52CAC00B1E38F29700E0302F /* Sources */ = {
			isa = PBXSourcesBuildPhase;
			buildActionMask = 2147483647;
			files = (
				52CAC0141E38F29700E0302F /* Got_HealthyTests.swift in Sources */,
			);
			runOnlyForDeploymentPostprocessing = 0;
		};
		52CAC0161E38F29700E0302F /* Sources */ = {
			isa = PBXSourcesBuildPhase;
			buildActionMask = 2147483647;
			files = (
				52CAC01F1E38F29700E0302F /* Got_HealthyUITests.swift in Sources */,
			);
			runOnlyForDeploymentPostprocessing = 0;
		};
/* End PBXSourcesBuildPhase section */

/* Begin PBXTargetDependency section */
		52CAC0111E38F29700E0302F /* PBXTargetDependency */ = {
			isa = PBXTargetDependency;
			target = 52CABFFA1E38F29700E0302F /* Got Healthy */;
			targetProxy = 52CAC0101E38F29700E0302F /* PBXContainerItemProxy */;
		};
		52CAC01C1E38F29700E0302F /* PBXTargetDependency */ = {
			isa = PBXTargetDependency;
			target = 52CABFFA1E38F29700E0302F /* Got Healthy */;
			targetProxy = 52CAC01B1E38F29700E0302F /* PBXContainerItemProxy */;
		};
/* End PBXTargetDependency section */

/* Begin PBXVariantGroup section */
		52CAC0021E38F29700E0302F /* Main.storyboard */ = {
			isa = PBXVariantGroup;
			children = (
				52CAC0031E38F29700E0302F /* Base */,
			);
			name = Main.storyboard;
			sourceTree = "<group>";
		};
		52CAC0071E38F29700E0302F /* LaunchScreen.storyboard */ = {
			isa = PBXVariantGroup;
			children = (
				52CAC0081E38F29700E0302F /* Base */,
			);
			name = LaunchScreen.storyboard;
			sourceTree = "<group>";
		};
/* End PBXVariantGroup section */

/* Begin XCBuildConfiguration section */
		52CAC0211E38F29700E0302F /* Debug */ = {
			isa = XCBuildConfiguration;
			buildSettings = {
				ALWAYS_SEARCH_USER_PATHS = NO;
				CLANG_ANALYZER_NONNULL = YES;
				CLANG_CXX_LANGUAGE_STANDARD = "gnu++0x";
				CLANG_CXX_LIBRARY = "libc++";
				CLANG_ENABLE_MODULES = YES;
				CLANG_ENABLE_OBJC_ARC = YES;
				CLANG_WARN_BOOL_CONVERSION = YES;
				CLANG_WARN_CONSTANT_CONVERSION = YES;
				CLANG_WARN_DIRECT_OBJC_ISA_USAGE = YES_ERROR;
				CLANG_WARN_DOCUMENTATION_COMMENTS = YES;
				CLANG_WARN_EMPTY_BODY = YES;
				CLANG_WARN_ENUM_CONVERSION = YES;
				CLANG_WARN_INFINITE_RECURSION = YES;
				CLANG_WARN_INT_CONVERSION = YES;
				CLANG_WARN_OBJC_ROOT_CLASS = YES_ERROR;
				CLANG_WARN_SUSPICIOUS_MOVE = YES;
				CLANG_WARN_UNREACHABLE_CODE = YES;
				CLANG_WARN__DUPLICATE_METHOD_MATCH = YES;
				"CODE_SIGN_IDENTITY[sdk=iphoneos*]" = "iPhone Developer";
				COPY_PHASE_STRIP = NO;
				DEBUG_INFORMATION_FORMAT = dwarf;
				ENABLE_STRICT_OBJC_MSGSEND = YES;
				ENABLE_TESTABILITY = YES;
				GCC_C_LANGUAGE_STANDARD = gnu99;
				GCC_DYNAMIC_NO_PIC = NO;
				GCC_NO_COMMON_BLOCKS = YES;
				GCC_OPTIMIZATION_LEVEL = 0;
				GCC_PREPROCESSOR_DEFINITIONS = (
					"DEBUG=1",
					"$(inherited)",
				);
				GCC_WARN_64_TO_32_BIT_CONVERSION = YES;
				GCC_WARN_ABOUT_RETURN_TYPE = YES_ERROR;
				GCC_WARN_UNDECLARED_SELECTOR = YES;
				GCC_WARN_UNINITIALIZED_AUTOS = YES_AGGRESSIVE;
				GCC_WARN_UNUSED_FUNCTION = YES;
				GCC_WARN_UNUSED_VARIABLE = YES;
				IPHONEOS_DEPLOYMENT_TARGET = 10.2;
				MTL_ENABLE_DEBUG_INFO = YES;
				ONLY_ACTIVE_ARCH = YES;
				SDKROOT = iphoneos;
				SWIFT_ACTIVE_COMPILATION_CONDITIONS = DEBUG;
				SWIFT_OPTIMIZATION_LEVEL = "-Onone";
			};
			name = Debug;
		};
		52CAC0221E38F29700E0302F /* Release */ = {
			isa = XCBuildConfiguration;
			buildSettings = {
				ALWAYS_SEARCH_USER_PATHS = NO;
				CLANG_ANALYZER_NONNULL = YES;
				CLANG_CXX_LANGUAGE_STANDARD = "gnu++0x";
				CLANG_CXX_LIBRARY = "libc++";
				CLANG_ENABLE_MODULES = YES;
				CLANG_ENABLE_OBJC_ARC = YES;
				CLANG_WARN_BOOL_CONVERSION = YES;
				CLANG_WARN_CONSTANT_CONVERSION = YES;
				CLANG_WARN_DIRECT_OBJC_ISA_USAGE = YES_ERROR;
				CLANG_WARN_DOCUMENTATION_COMMENTS = YES;
				CLANG_WARN_EMPTY_BODY = YES;
				CLANG_WARN_ENUM_CONVERSION = YES;
				CLANG_WARN_INFINITE_RECURSION = YES;
				CLANG_WARN_INT_CONVERSION = YES;
				CLANG_WARN_OBJC_ROOT_CLASS = YES_ERROR;
				CLANG_WARN_SUSPICIOUS_MOVE = YES;
				CLANG_WARN_UNREACHABLE_CODE = YES;
				CLANG_WARN__DUPLICATE_METHOD_MATCH = YES;
				"CODE_SIGN_IDENTITY[sdk=iphoneos*]" = "iPhone Developer";
				COPY_PHASE_STRIP = NO;
				DEBUG_INFORMATION_FORMAT = "dwarf-with-dsym";
				ENABLE_NS_ASSERTIONS = NO;
				ENABLE_STRICT_OBJC_MSGSEND = YES;
				GCC_C_LANGUAGE_STANDARD = gnu99;
				GCC_NO_COMMON_BLOCKS = YES;
				GCC_WARN_64_TO_32_BIT_CONVERSION = YES;
				GCC_WARN_ABOUT_RETURN_TYPE = YES_ERROR;
				GCC_WARN_UNDECLARED_SELECTOR = YES;
				GCC_WARN_UNINITIALIZED_AUTOS = YES_AGGRESSIVE;
				GCC_WARN_UNUSED_FUNCTION = YES;
				GCC_WARN_UNUSED_VARIABLE = YES;
				IPHONEOS_DEPLOYMENT_TARGET = 10.2;
				MTL_ENABLE_DEBUG_INFO = NO;
				SDKROOT = iphoneos;
				SWIFT_OPTIMIZATION_LEVEL = "-Owholemodule";
				VALIDATE_PRODUCT = YES;
			};
			name = Release;
		};
		52CAC0241E38F29700E0302F /* Debug */ = {
			isa = XCBuildConfiguration;
			buildSettings = {
				ASSETCATALOG_COMPILER_APPICON_NAME = AppIcon;
				CODE_SIGN_ENTITLEMENTS = "Got Healthy/Got Healthy.entitlements";
				DEVELOPMENT_TEAM = 93234J3H2M;
				FRAMEWORK_SEARCH_PATHS = (
					"$(inherited)",
					"$(PROJECT_DIR)/Got\\ Healthy",
					"$(PROJECT_DIR)/Got\\ Healthy",
					"$(PROJECT_DIR)/Got\\ Healthy",
					"$(PROJECT_DIR)/Got\\ Healthy",
				);
				INFOPLIST_FILE = "Got Healthy/Info.plist";
				LD_RUNPATH_SEARCH_PATHS = "$(inherited) @executable_path/Frameworks";
				LIBRARY_SEARCH_PATHS = (
					"$(inherited)",
					"$(PROJECT_DIR)",
				);
				PRODUCT_BUNDLE_IDENTIFIER = "self.edu.volt.Got-Healthy";
				PRODUCT_NAME = "$(TARGET_NAME)";
				SWIFT_VERSION = 3.0;
			};
			name = Debug;
		};
		52CAC0251E38F29700E0302F /* Release */ = {
			isa = XCBuildConfiguration;
			buildSettings = {
				ASSETCATALOG_COMPILER_APPICON_NAME = AppIcon;
				CODE_SIGN_ENTITLEMENTS = "Got Healthy/Got Healthy.entitlements";
				DEVELOPMENT_TEAM = 93234J3H2M;
				FRAMEWORK_SEARCH_PATHS = (
					"$(inherited)",
					"$(PROJECT_DIR)/Got\\ Healthy",
					"$(PROJECT_DIR)/Got\\ Healthy",
					"$(PROJECT_DIR)/Got\\ Healthy",
					"$(PROJECT_DIR)/Got\\ Healthy",
				);
				INFOPLIST_FILE = "Got Healthy/Info.plist";
				LD_RUNPATH_SEARCH_PATHS = "$(inherited) @executable_path/Frameworks";
				LIBRARY_SEARCH_PATHS = (
					"$(inherited)",
					"$(PROJECT_DIR)",
				);
				PRODUCT_BUNDLE_IDENTIFIER = "self.edu.volt.Got-Healthy";
				PRODUCT_NAME = "$(TARGET_NAME)";
				SWIFT_OPTIMIZATION_LEVEL = "-Owholemodule";
				SWIFT_VERSION = 3.0;
			};
			name = Release;
		};
		52CAC0271E38F29700E0302F /* Debug */ = {
			isa = XCBuildConfiguration;
			buildSettings = {
				ALWAYS_EMBED_SWIFT_STANDARD_LIBRARIES = YES;
				BUNDLE_LOADER = "$(TEST_HOST)";
				DEVELOPMENT_TEAM = 93234J3H2M;
				INFOPLIST_FILE = "Got HealthyTests/Info.plist";
				LD_RUNPATH_SEARCH_PATHS = "$(inherited) @executable_path/Frameworks @loader_path/Frameworks";
				PRODUCT_BUNDLE_IDENTIFIER = "self.edu.volt.Got-HealthyTests";
				PRODUCT_NAME = "$(TARGET_NAME)";
				SWIFT_VERSION = 3.0;
				TEST_HOST = "$(BUILT_PRODUCTS_DIR)/Got Healthy.app/Got Healthy";
			};
			name = Debug;
		};
		52CAC0281E38F29700E0302F /* Release */ = {
			isa = XCBuildConfiguration;
			buildSettings = {
				ALWAYS_EMBED_SWIFT_STANDARD_LIBRARIES = YES;
				BUNDLE_LOADER = "$(TEST_HOST)";
				DEVELOPMENT_TEAM = 93234J3H2M;
				INFOPLIST_FILE = "Got HealthyTests/Info.plist";
				LD_RUNPATH_SEARCH_PATHS = "$(inherited) @executable_path/Frameworks @loader_path/Frameworks";
				PRODUCT_BUNDLE_IDENTIFIER = "self.edu.volt.Got-HealthyTests";
				PRODUCT_NAME = "$(TARGET_NAME)";
				SWIFT_VERSION = 3.0;
				TEST_HOST = "$(BUILT_PRODUCTS_DIR)/Got Healthy.app/Got Healthy";
			};
			name = Release;
		};
		52CAC02A1E38F29700E0302F /* Debug */ = {
			isa = XCBuildConfiguration;
			buildSettings = {
				ALWAYS_EMBED_SWIFT_STANDARD_LIBRARIES = YES;
				DEVELOPMENT_TEAM = 93234J3H2M;
				INFOPLIST_FILE = "Got HealthyUITests/Info.plist";
				LD_RUNPATH_SEARCH_PATHS = "$(inherited) @executable_path/Frameworks @loader_path/Frameworks";
				PRODUCT_BUNDLE_IDENTIFIER = "self.edu.volt.Got-HealthyUITests";
				PRODUCT_NAME = "$(TARGET_NAME)";
				SWIFT_VERSION = 3.0;
				TEST_TARGET_NAME = "Got Healthy";
			};
			name = Debug;
		};
		52CAC02B1E38F29700E0302F /* Release */ = {
			isa = XCBuildConfiguration;
			buildSettings = {
				ALWAYS_EMBED_SWIFT_STANDARD_LIBRARIES = YES;
				DEVELOPMENT_TEAM = 93234J3H2M;
				INFOPLIST_FILE = "Got HealthyUITests/Info.plist";
				LD_RUNPATH_SEARCH_PATHS = "$(inherited) @executable_path/Frameworks @loader_path/Frameworks";
				PRODUCT_BUNDLE_IDENTIFIER = "self.edu.volt.Got-HealthyUITests";
				PRODUCT_NAME = "$(TARGET_NAME)";
				SWIFT_VERSION = 3.0;
				TEST_TARGET_NAME = "Got Healthy";
			};
			name = Release;
		};
/* End XCBuildConfiguration section */

/* Begin XCConfigurationList section */
		52CABFF61E38F29700E0302F /* Build configuration list for PBXProject "Got Healthy" */ = {
			isa = XCConfigurationList;
			buildConfigurations = (
				52CAC0211E38F29700E0302F /* Debug */,
				52CAC0221E38F29700E0302F /* Release */,
			);
			defaultConfigurationIsVisible = 0;
			defaultConfigurationName = Release;
		};
		52CAC0231E38F29700E0302F /* Build configuration list for PBXNativeTarget "Got Healthy" */ = {
			isa = XCConfigurationList;
			buildConfigurations = (
				52CAC0241E38F29700E0302F /* Debug */,
				52CAC0251E38F29700E0302F /* Release */,
			);
			defaultConfigurationIsVisible = 0;
			defaultConfigurationName = Release;
		};
		52CAC0261E38F29700E0302F /* Build configuration list for PBXNativeTarget "Got HealthyTests" */ = {
			isa = XCConfigurationList;
			buildConfigurations = (
				52CAC0271E38F29700E0302F /* Debug */,
				52CAC0281E38F29700E0302F /* Release */,
			);
			defaultConfigurationIsVisible = 0;
			defaultConfigurationName = Release;
		};
		52CAC0291E38F29700E0302F /* Build configuration list for PBXNativeTarget "Got HealthyUITests" */ = {
			isa = XCConfigurationList;
			buildConfigurations = (
				52CAC02A1E38F29700E0302F /* Debug */,
				52CAC02B1E38F29700E0302F /* Release */,
			);
			defaultConfigurationIsVisible = 0;
			defaultConfigurationName = Release;
		};
/* End XCConfigurationList section */

/* Begin XCVersionGroup section */
		52D2F5701E8B098D007DAEAD /* GotHealthy.xcdatamodeld */ = {
			isa = XCVersionGroup;
			children = (
				52D2F5711E8B098D007DAEAD /* GotHealthy.xcdatamodel */,
			);
			currentVersion = 52D2F5711E8B098D007DAEAD /* GotHealthy.xcdatamodel */;
			path = GotHealthy.xcdatamodeld;
			sourceTree = "<group>";
			versionGroupType = wrapper.xcdatamodel;
		};
/* End XCVersionGroup section */
	};
	rootObject = 52CABFF31E38F29700E0302F /* Project object */;
}
